cloud.google.com/go v0.18.0 h1:pctMl81cykd1cdw9JWpNwYB72175siMxc76NJpyvLAY=
cloud.google.com/go v0.18.0/go.mod h1:aQUYkXzVsufM+DwF1aE+0xfcU+56JwCaLick0ClmMTw=
github.com/ChrisTrenkamp/goxpath v0.0.0-20170922090931-c385f95c6022 h1:y8Gs8CzNfDF5AZvjr+5UyGQvQEBL7pwo+v+wX6q9JI8=
github.com/ChrisTrenkamp/goxpath v0.0.0-20170922090931-c385f95c6022/go.mod h1:nuWgzSkT5PnyOd+272uUmV0dnAnAn42Mk7PiQC5VzN4=
github.com/Sirupsen/logrus v1.0.5 h1:447dy9LxSj+Iaa2uN3yoFHOzU9yJcJYiQPtNz8OXtv0=
github.com/Sirupsen/logrus v1.0.5/go.mod h1:rmk17hk6i8ZSAJkSDa7nOxamrG+SP4P0mm+DAvExv4U=
github.com/alivinco/fimpgo v0.0.0-20180606150548-5d27627b26b8 h1:ZtW5k39F2ELmW4hQAIabLRZoaYOaynECDUOLCaI9AmA=
github.com/alivinco/fimpgo v0.0.0-20180606150548-5d27627b26b8/go.mod h1:zIYzjVqXH2M5KayRvMalwVePsCZuJy5TqFYwVqMprtY=
github.com/asdine/storm v2.1.0+incompatible h1:8kbvyrzhTtb7TiwGGjsNSKuCsKqJsyvJeZslh9W3YN0=
github.com/asdine/storm v2.1.0+incompatible/go.mod h1:RarYDc9hq1UPLImuiXK3BIWPJLdIygvV3PsInK0FbVQ=
github.com/boltdb/bolt v1.3.1 h1:JQmyP4ZBrce+ZQu0dY660FMfatumYDLun9hBCUVIkF4=
github.com/boltdb/bolt v1.3.1/go.mod h1:clJnj/oiGkjum5o1McbSZDSLxVThjynRyGBgiAx27Ps=
github.com/buger/jsonparser v0.0.0-20180318095312-2cac668e8456 h1:SnUWpAH4lEUoS86woR12h21VMUbDe+DYp88V646wwMI=
github.com/buger/jsonparser v0.0.0-20180318095312-2cac668e8456/go.mod h1:bbYlZJ7hK1yFx9hf58LP0zeX7UjIGs20ufpu3evjr+s=
github.com/coreos/bbolt v1.3.0 h1:HIgH5xUWXT914HCI671AxuTTqjj64UOFr7pHn48LUTI=
github.com/coreos/bbolt v1.3.0/go.mod h1:iRUV2dpdMOn7Bo10OQBFzIJO9kkE559Wcmn+qkEiiKk=
github.com/cpucycle/astrotime v0.0.0-20120927164819-9c7d514efdb5/go.mod h1:O+WdStE4WLD+lG5MaDRl9dSJR7w4HZJrJbqVsOEx5Lw=
github.com/dchest/uniuri v0.0.0-20160212164326-8902c56451e9 h1:74lLNRzvsdIlkTgfDSMuaPjBr4cf6k7pwQQANm/yLKU=
github.com/dchest/uniuri v0.0.0-20160212164326-8902c56451e9/go.mod h1:GgB8SF9nRG+GqaDtLcwJZsQFhcogVCJ79j4EdT0c2V4=
github.com/dgrijalva/jwt-go v3.2.0+incompatible h1:7qlOGliEKZXTDg6OTjfoBKDXWrumCAMpl/TFQ4/5kLM=
github.com/dgrijalva/jwt-go v3.2.0+incompatible/go.mod h1:E3ru+11k8xSBh+hMPgOLZmtrrCbhqsmaPHjLKYnJCaQ=
github.com/eclipse/paho.mqtt.golang v0.0.0-20180323105929-9ec68b7894ac h1:mdHwm1KQPCTWfIdFWbJz5lhGZyBvmMX+SXCK6iMW0WY=
github.com/eclipse/paho.mqtt.golang v0.0.0-20180323105929-9ec68b7894ac/go.mod h1:H9keYFcgq3Qr5OUJm/JZI/i6U7joQ8SYLhZwfeOo6Ts=
github.com/fsnotify/fsnotify v1.4.7/go.mod h1:jwhsz4b93w/PPRr/qN1Yymfu8t87LnFCMoQvtojpjFo=
github.com/golang/protobuf v1.0.0 h1:lsek0oXi8iFE9L+EXARyHIjU5rlWIhhTkjDz3vHhWWQ=
github.com/golang/protobuf v1.0.0/go.mod h1:6lQm79b+lXiMfvg/cZm0SGofjICqVBUtrP5yJMmIC1U=
github.com/googleapis/gax-go v2.0.0+incompatible h1:j0GKcs05QVmm7yesiZq2+9cxHkNK9YM6zKx4D2qucQU=
github.com/googleapis/gax-go v2.0.0+incompatible/go.mod h1:SFVmujtThgffbyetf+mdk2eWhX2bMyUtNHzFKcPA9HY=
github.com/gorilla/websocket v1.2.0 h1:VJtLvh6VQym50czpZzx07z/kw9EgAxI3x1ZB8taTMQQ=
github.com/gorilla/websocket v1.2.0/go.mod h1:E7qHFY5m1UJ88s3WnNqhKjPHQ0heANvMoAMk2YaljkQ=
github.com/hashicorp/hcl v0.0.0-20180404174102-ef8a98b0bbce/go.mod h1:oZtUIOe8dh44I2q6ScRibXws4Ajl+d+nod3AaR9vL5w=
github.com/imdario/mergo v0.3.5 h1:JboBksRwiiAJWvIYJVo46AfV+IAIKZpfrSzVKj42R4Q=
github.com/imdario/mergo v0.3.5/go.mod h1:2EnlNZ0deacrJVfApfmtdGgDfMuh/nq6Ok1EcJh5FfA=
github.com/influxdata/influxdb v1.5.2 h1:8aMxqeraY0u+2KCbuyv0F8AJolFZnrEUJaJEhavAr/4=
github.com/influxdata/influxdb v1.5.2/go.mod h1:qZna6X/4elxqT3yI9iZYdZrWWdeFOOprn86kgg4+IzY=
github.com/kelvins/sunrisesunset v0.0.0-20170601204625-14f1915ad4b4 h1:8GEzGYjqXcb1PW2RFrkbsv7Gzq4v9ykbjy6lUc9nbnM=
github.com/kelvins/sunrisesunset v0.0.0-20170601204625-14f1915ad4b4/go.mod h1:3oZ7G+fb8Z8KF+KPHxeDO3GWpEjgvk/f+d/yaxmDRT4=
github.com/koding/websocketproxy v0.0.0-20180412071414-b8568f354aec h1:I1l0Uzu+I0cSx0fzg75YN79goqNg4jDizbR6I4OfH6U=
github.com/koding/websocketproxy v0.0.0-20180412071414-b8568f354aec/go.mod h1:Nn5wlyECw3iJrzi0AhIWg+AJUb4PlRQVW4/3XHH1LZA=
github.com/labstack/echo v0.0.0-20180412143600-6d227dfea4d2 h1:4VNLf+IgSES2mEa6UEjNJRaHLudI75mB0aJDkRpHpv0=
github.com/labstack/echo v0.0.0-20180412143600-6d227dfea4d2/go.mod h1:0INS7j/VjnFxD4E2wkz67b8cVwCLbBmJyDaka6Cmk1s=
github.com/labstack/gommon v0.0.0-20180312174116-6fe1405d73ec h1:aYKwS4iCpqxskMuvI8+Byq0CxnnWHO/xuLk2pZJ96tY=
github.com/labstack/gommon v0.0.0-20180312174116-6fe1405d73ec/go.mod h1:/tj9csK2iPSBvn+3NLM9e52usepMtrd5ilFYA+wQNJ4=
github.com/magiconair/properties v1.7.6/go.mod h1:PppfXfuXeibc/6YijjN8zIbojt8czPbwD3XqdrwzmxQ=
github.com/mattn/go-colorable v0.0.9 h1:UVL0vNpWh04HeJXV0KLcaT7r06gOH2l4OW6ddYRUIY4=
github.com/mattn/go-colorable v0.0.9/go.mod h1:9vuHe8Xs5qXnSaW/c/ABM9alt+Vo+STaOChaDxuIBZU=
github.com/mattn/go-isatty v0.0.3 h1:ns/ykhmWi7G9O+8a448SecJU3nSMBXJfqQkl0upE1jI=
github.com/mattn/go-isatty v0.0.3/go.mod h1:M+lRXTBqGeGNdLjl/ufCoiOlB5xdOkqRJdNxMWT7Zi4=
github.com/mitchellh/mapstructure v0.0.0-20180220230111-00c29f56e238 h1:+MZW2uvHgN8kYvksEN3f7eFL2wpzk0GxmlFsMybWc7E=
github.com/mitchellh/mapstructure v0.0.0-20180220230111-00c29f56e238/go.mod h1:FVVH3fgwuzCH5S8UJGiWEs2h04kUh9fWfEaFds41c1Y=
github.com/oliveagle/jsonpath v0.0.0-20180314032104-46faf33da135 h1:DJKNSB5jbIXdIlO9xq2NseVzNczA2wPMQSIS5XglH6Q=
github.com/oliveagle/jsonpath v0.0.0-20180314032104-46faf33da135/go.mod h1:eqOVx5Vwu4gd2mmMZvVZsgIqNSaW3xxRThUJ0k/TPk4=
github.com/paulhammond/tai64 v0.0.0-20140211175639-01084308b858/go.mod h1:EjxUFw8B3RZeZVH+yuR9M5mwcP/WCHf85hNFxgzvwPg=
github.com/pelletier/go-toml v1.1.0/go.mod h1:5z9KED0ma1S8pY6P1sdut58dfprrGBbd/94hg7ilaic=
github.com/pkg/errors v0.8.0 h1:WdK/asTD0HN+q6hsWO3/vpuAkAr+tw6aNJNDFFf0+qw=
github.com/pkg/errors v0.8.0/go.mod h1:bwawxfHBFNV+L2hUp1rHADufV3IMtnDRdf1r5NINEl0=
github.com/rcrowley/go-metrics v0.0.0-20180406234716-d932a24a8ccb h1:aiaXBnYotW4Sa4NB0QK9jimjnfwCQTzGnNSkZ/qjxlM=
github.com/rcrowley/go-metrics v0.0.0-20180406234716-d932a24a8ccb/go.mod h1:bCqnVzQkZxMG4s8nGwiZ5l3QUCyqpo9Y+/ZMZ9VjZe4=
github.com/robfig/cron v0.0.0-20140119015047-b024fc5ea0e3 h1:+THOT2a1JKieJxSYMBhyAHNAU6B9KvHobDL0puQ13f0=
github.com/robfig/cron v0.0.0-20140119015047-b024fc5ea0e3/go.mod h1:JGuDeoQd7Z6yL4zQhZ3OPEVHB7fL6Ka6skscFHfmt2k=
github.com/satori/go.uuid v1.2.0 h1:0uYX9dsZ2yD7q2RtLRtPSdGDWzjeM3TbMJP9utgA0ww=
github.com/satori/go.uuid v1.2.0/go.mod h1:dA0hQrYB0VpLJoorglMZABFdXlWrHn1NEOzdhQKdks0=
github.com/spf13/afero v1.1.0/go.mod h1:j4pytiNVoe2o6bmDsKpLACNPDBIoEAkihy7loJ1B0CQ=
github.com/spf13/cast v1.2.0/go.mod h1:r2rcYCSwa1IExKTDiTfzaxqT2FNHs8hODu4LnUfgKEg=
github.com/spf13/jwalterweatherman v0.0.0-20180109140146-7c0cea34c8ec/go.mod h1:cQK4TGJAtQXfYWX+Ddv3mKDzgVb68N+wFjFa4jdeBTo=
github.com/spf13/pflag v1.0.1/go.mod h1:DYY7MBk1bdzusC3SYhjObp+wFpr4gzcvqqNjLnInEg4=
github.com/spf13/viper v1.0.2/go.mod h1:A8kyI5cUJhb8N+3pkfONlcEcZbueH6nhAm0Fq7SrnBM=
github.com/valyala/bytebufferpool v0.0.0-20160817181652-e746df99fe4a h1:AOcehBWpFhYPYw0ioDTppQzgI8pAAahVCiMSKTp9rbo=
github.com/valyala/bytebufferpool v0.0.0-20160817181652-e746df99fe4a/go.mod h1:6bBcMArwyJ5K/AmCkWv1jt77kVWyCJ6HpOuEn7z0Csc=
github.com/valyala/fasttemplate v0.0.0-20170224212429-dcecefd839c4 h1:gKMu1Bf6QINDnvyZuTaACm9ofY+PRh+5vFz4oxBZeF8=
github.com/valyala/fasttemplate v0.0.0-20170224212429-dcecefd839c4/go.mod h1:50wTf68f99/Zt14pr046Tgt3Lp2vLyFZKzbFXTOabXw=
go.opencensus.io v0.8.0 h1:sup3a9sQFLjWcwLNJfk0tdU6bsQv0/ezBnLP1Dc33Jw=
go.opencensus.io v0.8.0/go.mod h1:UffZAU+4sDEINUGP/B7UfBBkq4fqLu9zXAX7ke6CHW0=
golang.org/x/crypto v0.0.0-20180420171155-e73bf333ef89 h1:YMKUzb2eHV8HdgAr0z9lbGN1Av2h4cgMMsvi+JV60MM=
golang.org/x/crypto v0.0.0-20180420171155-e73bf333ef89/go.mod h1:6SG95UA2DQfeDnfUPMdvaQW0Q7yPrPDi9nlGo2tz2b4=
golang.org/x/net v0.0.0-20180420171651-5f9ae10d9af5 h1:ylIG3jIeS45kB0W95N19kS62fwermjMYLIyybf8xh9M=
golang.org/x/net v0.0.0-20180420171651-5f9ae10d9af5/go.mod h1:mL1N/T3taQHkDXs73rZJwtUhF3w3ftmwwsq0BUmARs4=
golang.org/x/oauth2 v0.0.0-20180416194528-6881fee410a5 h1:yammTX+17Kk8zo3wLi2C76s8XKCsyhSXwTVTFbqcKjM=
golang.org/x/oauth2 v0.0.0-20180416194528-6881fee410a5/go.mod h1:N/0e6XlmueqKjAGxoOufVs8QHGRruUQn6yWY3a++T0U=
golang.org/x/sys v0.0.0-20180420145319-79b0c6888797 h1:ux9vYny+vlzqIcwoO6gRu+voPvKJA10ZceuJwWf2J88=
golang.org/x/sys v0.0.0-20180420145319-79b0c6888797/go.mod h1:STP8DvDyc/dI5b8T5hshtkjS+E42TnysNCUPdjciGhY=
golang.org/x/text v0.3.0 h1:g61tztE5qeGQ89tm6NTjjM9VPIm088od1l6aSorWRWg=
golang.org/x/text v0.3.0/go.mod h1:NqM8EUOU14njkJ3fqMW+pc6Ldnwhi/IjpwHt7yyuwOQ=
google.golang.org/api v0.0.0-20180420000906-b08f8989af48 h1:MnSRQyJneYUHIIbi4jwx7iYSmVpBoln9Vezcb1tMi58=
google.golang.org/api v0.0.0-20180420000906-b08f8989af48/go.mod h1:4mhQ8q/RsB7i+udVvVy5NUi08OU8ZlA0gRVgrF7VFY0=
google.golang.org/appengine v1.0.0/go.mod h1:EbEs0AVv82hx2wNQdGPgUI5lhzA/G0D9YwlJXL52JkM=
google.golang.org/genproto v0.0.0-20180413175816-7fd901a49ba6 h1:VrRtqEIrO5wUzNwL/A2WTNUtDuAtvb3KPK3OrUriLqI=
google.golang.org/genproto v0.0.0-20180413175816-7fd901a49ba6/go.mod h1:JiN7NxoALGmiZfu7CAH4rXhgtRTLTxftemlI0sWmxmc=
google.golang.org/grpc v1.11.3 h1:yy64MFk0j8qZbdXVA0MaSE+s/+6nCUdiyf1uNSjAz0c=
google.golang.org/grpc v1.11.3/go.mod h1:yo6s7OP7yaDglbqo1J04qKzAhqBH6lvTonzMVmEdcZw=
gopkg.in/check.v1 v0.0.0-20161208181325-20d25e280405/go.mod h1:Co6ibVJAznAaIkqp8huTwlJQCZ016jof/cbN4VW5Yz0=
gopkg.in/natefinch/lumberjack.v2 v2.0.0-20170531160350-a96e63847dc3 h1:AFxeG48hTWHhDTQDk/m2gorfVHUEa9vo3tp3D7TzwjI=
gopkg.in/natefinch/lumberjack.v2 v2.0.0-20170531160350-a96e63847dc3/go.mod h1:l0ndWWf7gzL7RNwBG7wST/UCcT4T24xpD6X8LsfU/+k=
gopkg.in/yaml.v2 v2.2.1/go.mod h1:hI93XBmqTisBFMUTm0b8Fm+jr3Dg1NNxqwp+5A1VGuI=
